
Microsoft Visual Studio Solution File, Format Version 12.00
# Visual Studio Version 17
VisualStudioVersion = 17.5.33627.172
MinimumVisualStudioVersion = 10.0.40219.1
Project("{FAE04EC0-301F-11D3-BF4B-00C04F79EFBC}") = "3.2.4RelationalOperations", "3.2.4RelationalOperations\3.2.4RelationalOperations.csproj", "{49846C95-4536-4CAC-8272-FE6DAEE3F3A2}"
EndProject
Global
	GlobalSection(SolutionConfigurationPlatforms) = preSolution
		Debug|Any CPU = Debug|Any CPU
		Release|Any CPU = Release|Any CPU
	EndGlobalSection
	GlobalSection(ProjectConfigurationPlatforms) = postSolution
		{49846C95-4536-4CAC-8272-FE6DAEE3F3A2}.Debug|Any CPU.ActiveCfg = Debug|Any CPU
		{49846C95-4536-4CAC-8272-FE6DAEE3F3A2}.Debug|Any CPU.Build.0 = Debug|Any CPU
		{49846C95-4536-4CAC-8272-FE6DAEE3F3A2}.Release|Any CPU.ActiveCfg = Release|Any CPU
		{49846C95-4536-4CAC-8272-FE6DAEE3F3A2}.Release|Any CPU.Build.0 = Release|Any CPU
	EndGlobalSection
	GlobalSection(SolutionProperties) = preSolution
		HideSolutionNode = FALSE
	EndGlobalSection
	GlobalSection(ExtensibilityGlobals) = postSolution
		SolutionGuid = {E2E04BEB-5844-4AD3-9366-7B02C9E1902F}
	EndGlobalSection
EndGlobal
